
Microsoft Visual Studio Solution File, Format Version 12.00
# Visual Studio Version 17
VisualStudioVersion = 17.6.33815.320
MinimumVisualStudioVersion = 10.0.40219.1
Project("{FAE04EC0-301F-11D3-BF4B-00C04F79EFBC}") = "HHPW-SB-BE", "HHPW-SB-BE.csproj", "{08FB7617-E32D-46B3-8BBF-67C72F49C253}"
EndProject
Global
	GlobalSection(SolutionConfigurationPlatforms) = preSolution
		Debug|Any CPU = Debug|Any CPU
		Release|Any CPU = Release|Any CPU
	EndGlobalSection
	GlobalSection(ProjectConfigurationPlatforms) = postSolution
		{08FB7617-E32D-46B3-8BBF-67C72F49C253}.Debug|Any CPU.ActiveCfg = Debug|Any CPU
		{08FB7617-E32D-46B3-8BBF-67C72F49C253}.Debug|Any CPU.Build.0 = Debug|Any CPU
		{08FB7617-E32D-46B3-8BBF-67C72F49C253}.Release|Any CPU.ActiveCfg = Release|Any CPU
		{08FB7617-E32D-46B3-8BBF-67C72F49C253}.Release|Any CPU.Build.0 = Release|Any CPU
	EndGlobalSection
	GlobalSection(SolutionProperties) = preSolution
		HideSolutionNode = FALSE
	EndGlobalSection
	GlobalSection(ExtensibilityGlobals) = postSolution
		SolutionGuid = {DBC5AD53-72E6-4B45-8427-AF4D27A3711A}
	EndGlobalSection
EndGlobal
